// !$*UTF8*$!
{
	archiveVersion = 1;
	classes = {
	};
	objectVersion = 77;
	objects = {

/* Begin PBXContainerItemProxy section */
		BA5B58E42FA62D3B00560BC1 /* PBXContainerItemProxy */ = {
			isa = PBXContainerItemProxy;
			containerPortal = BA5B58CE2FA62D3A00560BC1 /* Project object */;
			proxyType = 1;
			remoteGlobalIDString = BA5B58D52FA62D3A00560BC1;
			remoteInfo = AfterLesson;
		};
		BA5B58EE2FA62D3B00560BC1 /* PBXContainerItemProxy */ = {
			isa = PBXContainerItemProxy;
			containerPortal = BA5B58CE2FA62D3A00560BC1 /* Project object */;
			proxyType = 1;
			remoteGlobalIDString = BA5B58D52FA62D3A00560BC1;
			remoteInfo = AfterLesson;
		};
/* End PBXContainerItemProxy section */

/* Begin PBXFileReference section */
		BA5B58D62FA62D3A00560BC1 /* AfterLesson.app */ = {isa = PBXFileReference; explicitFileType = wrapper.application; includeInIndex = 0; path = AfterLesson.app; sourceTree = BUILT_PRODUCTS_DIR; };
		BA5B58E32FA62D3B00560BC1 /* AfterLessonTests.xctest */ = {isa = PBXFileReference; explicitFileType = wrapper.cfbundle; includeInIndex = 0; path = AfterLessonTests.xctest; sourceTree = BUILT_PRODUCTS_DIR; };
		BA5B58ED2FA62D3B00560BC1 /* AfterLessonUITests.xctest */ = {isa = PBXFileReference; explicitFileType = wrapper.cfbundle; includeInIndex = 0; path = AfterLessonUITests.xctest; sourceTree = BUILT_PRODUCTS_DIR; };
/* End PBXFileReference section */

/* Begin PBXFileSystemSynchronizedRootGroup section */
		BA5B58D82FA62D3A00560BC1 /* AfterLesson */ = {
			isa = PBXFileSystemSynchronizedRootGroup;
			path = AfterLesson;
			sourceTree = "<group>";
		};
		BA5B58E62FA62D3B00560BC1 /* AfterLessonTests */ = {
			isa = PBXFileSystemSynchronizedRootGroup;
			path = AfterLessonTests;
			sourceTree = "<group>";
		};
		BA5B58F02FA62D3B00560BC1 /* AfterLessonUITests */ = {
			isa = PBXFileSystemSynchronizedRootGroup;
			path = AfterLessonUITests;
			sourceTree = "<group>";
		};
/* End PBXFileSystemSynchronizedRootGroup section */

/* Begin PBXFrameworksBuildPhase section */
		BA5B58D32FA62D3A00560BC1 /* Frameworks */ = {
			isa = PBXFrameworksBuildPhase;
			buildActionMask = 2147483647;
			files = (
			);
			runOnlyForDeploymentPostprocessing = 0;
		};
		BA5B58E02FA62D3B00560BC1 /* Frameworks */ = {
			isa = PBXFrameworksBuildPhase;
			buildActionMask = 2147483647;
			files = (
			);
			runOnlyForDeploymentPostprocessing = 0;
		};
		BA5B58EA2FA62D3B00560BC1 /* Frameworks */ = {
			isa = PBXFrameworksBuildPhase;
			buildActionMask = 2147483647;
			files = (
			);
			runOnlyForDeploymentPostprocessing = 0;
		};
/* End PBXFrameworksBuildPhase section */

/* Begin PBXGroup section */
		BA5B58CD2FA62D3A00560BC1 = {
			isa = PBXGroup;
			children = (
				BA5B58D82FA62D3A00560BC1 /* AfterLesson */,
				BA5B58E62FA62D3B00560BC1 /* AfterLessonTests */,
				BA5B58F02FA62D3B00560BC1 /* AfterLessonUITests */,
				BA5B58D72FA62D3A00560BC1 /* Products */,
			);
			sourceTree = "<group>";
		};
		BA5B58D72FA62D3A00560BC1 /* Products */ = {
			isa = PBXGroup;
			children = (
				BA5B58D62FA62D3A00560BC1 /* AfterLesson.app */,
				BA5B58E32FA62D3B00560BC1 /* AfterLessonTests.xctest */,
				BA5B58ED2FA62D3B00560BC1 /* AfterLessonUITests.xctest */,
			);
			name = Products;
			sourceTree = "<group>";
		};
/* End PBXGroup section */

/* Begin PBXNativeTarget section */
		BA5B58D52FA62D3A00560BC1 /* AfterLesson */ = {
			isa = PBXNativeTarget;
			buildConfigurationList = BA5B58F72FA62D3B00560BC1 /* Build configuration list for PBXNativeTarget "AfterLesson" */;
			buildPhases = (
				BA5B58D22FA62D3A00560BC1 /* Sources */,
				BA5B58D32FA62D3A00560BC1 /* Frameworks */,
				BA5B58D42FA62D3A00560BC1 /* Resources */,
			);
			buildRules = (
			);
			dependencies = (
			);
			fileSystemSynchronizedGroups = (
				BA5B58D82FA62D3A00560BC1 /* AfterLesson */,
			);
			name = AfterLesson;
			packageProductDependencies = (
			);
			productName = AfterLesson;
			productReference = BA5B58D62FA62D3A00560BC1 /* AfterLesson.app */;
			productType = "com.apple.product-type.application";
		};
		BA5B58E22FA62D3B00560BC1 /* AfterLessonTests */ = {
			isa = PBXNativeTarget;
			buildConfigurationList = BA5B58FA2FA62D3B00560BC1 /* Build configuration list for PBXNativeTarget "AfterLessonTests" */;
			buildPhases = (
				BA5B58DF2FA62D3B00560BC1 /* Sources */,
				BA5B58E02FA62D3B00560BC1 /* Frameworks */,
				BA5B58E12FA62D3B00560BC1 /* Resources */,
			);
			buildRules = (
			);
			dependencies = (
				BA5B58E52FA62D3B00560BC1 /* PBXTargetDependency */,
			);
			fileSystemSynchronizedGroups = (
				BA5B58E62FA62D3B00560BC1 /* AfterLessonTests */,
			);
			name = AfterLessonTests;
			packageProductDependencies = (
			);
			productName = AfterLessonTests;
			productReference = BA5B58E32FA62D3B00560BC1 /* AfterLessonTests.xctest */;
			productType = "com.apple.product-type.bundle.unit-test";
		};
		BA5B58EC2FA62D3B00560BC1 /* AfterLessonUITests */ = {
			isa = PBXNativeTarget;
			buildConfigurationList = BA5B58FD2FA62D3B00560BC1 /* Build configuration list for PBXNativeTarget "AfterLessonUITests" */;
			buildPhases = (
				BA5B58E92FA62D3B00560BC1 /* Sources */,
				BA5B58EA2FA62D3B00560BC1 /* Frameworks */,
				BA5B58EB2FA62D3B00560BC1 /* Resources */,
			);
			buildRules = (
			);
			dependencies = (
				BA5B58EF2FA62D3B00560BC1 /* PBXTargetDependency */,
			);
			fileSystemSynchronizedGroups = (
				BA5B58F02FA62D3B00560BC1 /* AfterLessonUITests */,
			);
			name = AfterLessonUITests;
			packageProductDependencies = (
			);
			productName = AfterLessonUITests;
			productReference = BA5B58ED2FA62D3B00560BC1 /* AfterLessonUITests.xctest */;
			productType = "com.apple.product-type.bundle.ui-testing";
		};
/* End PBXNativeTarget section */

/* Begin PBXProject section */
		BA5B58CE2FA62D3A00560BC1 /* Project object */ = {
			isa = PBXProject;
			attributes = {
				BuildIndependentTargetsInParallel = 1;
				LastSwiftUpdateCheck = 2640;
				LastUpgradeCheck = 2640;
				TargetAttributes = {
					BA5B58D52FA62D3A00560BC1 = {
						CreatedOnToolsVersion = 26.4.1;
						LastSwiftMigration = 2640;
					};
					BA5B58E22FA62D3B00560BC1 = {
						CreatedOnToolsVersion = 26.4.1;
						TestTargetID = BA5B58D52FA62D3A00560BC1;
					};
					BA5B58EC2FA62D3B00560BC1 = {
						CreatedOnToolsVersion = 26.4.1;
						TestTargetID = BA5B58D52FA62D3A00560BC1;
					};
				};
			};
			buildConfigurationList = BA5B58D12FA62D3A00560BC1 /* Build configuration list for PBXProject "AfterLesson" */;
			developmentRegion = en;
			hasScannedForEncodings = 0;
			knownRegions = (
				en,
				Base,
			);
			mainGroup = BA5B58CD2FA62D3A00560BC1;
			minimizedProjectReferenceProxies = 1;
			preferredProjectObjectVersion = 77;
			productRefGroup = BA5B58D72FA62D3A00560BC1 /* Products */;
			projectDirPath = "";
			projectRoot = "";
			targets = (
				BA5B58D52FA62D3A00560BC1 /* AfterLesson */,
				BA5B58E22FA62D3B00560BC1 /* AfterLessonTests */,
				BA5B58EC2FA62D3B00560BC1 /* AfterLessonUITests */,
			);
		};
/* End PBXProject section */

/* Begin PBXResourcesBuildPhase section */
		BA5B58D42FA62D3A00560BC1 /* Resources */ = {
			isa = PBXResourcesBuildPhase;
			buildActionMask = 2147483647;
			files = (
			);
			runOnlyForDeploymentPostprocessing = 0;
		};
		BA5B58E12FA62D3B00560BC1 /* Resources */ = {
			isa = PBXResourcesBuildPhase;
			buildActionMask = 2147483647;
			files = (
			);
			runOnlyForDeploymentPostprocessing = 0;
		};
		BA5B58EB2FA62D3B00560BC1 /* Resources */ = {
			isa = PBXResourcesBuildPhase;
			buildActionMask = 2147483647;
			files = (
			);
			runOnlyForDeploymentPostprocessing = 0;
		};
/* End PBXResourcesBuildPhase section */

/* Begin PBXSourcesBuildPhase section */
		BA5B58D22FA62D3A00560BC1 /* Sources */ = {
			isa = PBXSourcesBuildPhase;
			buildActionMask = 2147483647;
			files = (
			);
			runOnlyForDeploymentPostprocessing = 0;
		};
		BA5B58DF2FA62D3B00560BC1 /* Sources */ = {
			isa = PBXSourcesBuildPhase;
			buildActionMask = 2147483647;
			files = (
			);
			runOnlyForDeploymentPostprocessing = 0;
		};
		BA5B58E92FA62D3B00560BC1 /* Sources */ = {
			isa = PBXSourcesBuildPhase;
			buildActionMask = 2147483647;
			files = (
			);
			runOnlyForDeploymentPostprocessing = 0;
		};
/* End PBXSourcesBuildPhase section */

/* Begin PBXTargetDependency section */
		BA5B58E52FA62D3B00560BC1 /* PBXTargetDependency */ = {
			isa = PBXTargetDependency;
			target = BA5B58D52FA62D3A00560BC1 /* AfterLesson */;
			targetProxy = BA5B58E42FA62D3B00560BC1 /* PBXContainerItemProxy */;
		};
		BA5B58EF2FA62D3B00560BC1 /* PBXTargetDependency */ = {
			isa = PBXTargetDependency;
			target = BA5B58D52FA62D3A00560BC1 /* AfterLesson */;
			targetProxy = BA5B58EE2FA62D3B00560BC1 /* PBXContainerItemProxy */;
		};
/* End PBXTargetDependency section */

/* Begin XCBuildConfiguration section */
		BA5B58F52FA62D3B00560BC1 /* Debug */ = {
			isa = XCBuildConfiguration;
			buildSettings = {
				ALWAYS_SEARCH_USER_PATHS = NO;
				ASSETCATALOG_COMPILER_GENERATE_SWIFT_ASSET_SYMBOL_EXTENSIONS = YES;
				CLANG_ANALYZER_NONNULL = YES;
				CLANG_ANALYZER_NUMBER_OBJECT_CONVERSION = YES_AGGRESSIVE;
				CLANG_CXX_LANGUAGE_STANDARD = "gnu++20";
				CLANG_ENABLE_MODULES = YES;
				CLANG_ENABLE_OBJC_ARC = YES;
				CLANG_ENABLE_OBJC_WEAK = YES;
				CLANG_WARN_BLOCK_CAPTURE_AUTORELEASING = YES;
				CLANG_WARN_BOOL_CONVERSION = YES;
				CLANG_WARN_COMMA = YES;
				CLANG_WARN_CONSTANT_CONVERSION = YES;
				CLANG_WARN_DEPRECATED_OBJC_IMPLEMENTATIONS = YES;
				CLANG_WARN_DIRECT_OBJC_ISA_USAGE = YES_ERROR;
				CLANG_WARN_DOCUMENTATION_COMMENTS = YES;
				CLANG_WARN_EMPTY_BODY = YES;
				CLANG_WARN_ENUM_CONVERSION = YES;
				CLANG_WARN_INFINITE_RECURSION = YES;
				CLANG_WARN_INT_CONVERSION = YES;
				CLANG_WARN_NON_LITERAL_NULL_CONVERSION = YES;
				CLANG_WARN_OBJC_IMPLICIT_RETAIN_SELF = YES;
				CLANG_WARN_OBJC_LITERAL_CONVERSION = YES;
				CLANG_WARN_OBJC_ROOT_CLASS = YES_ERROR;
				CLANG_WARN_QUOTED_INCLUDE_IN_FRAMEWORK_HEADER = YES;
				CLANG_WARN_RANGE_LOOP_ANALYSIS = YES;
				CLANG_WARN_STRICT_PROTOTYPES = YES;
				CLANG_WARN_SUSPICIOUS_MOVE = YES;
				CLANG_WARN_UNGUARDED_AVAILABILITY = YES_AGGRESSIVE;
				CLANG_WARN_UNREACHABLE_CODE = YES;
				CLANG_WARN__DUPLICATE_METHOD_MATCH = YES;
				COPY_PHASE_STRIP = NO;
				DEBUG_INFORMATION_FORMAT = dwarf;
				DEVELOPMENT_TEAM = LE6TQB8QE5;
				ENABLE_STRICT_OBJC_MSGSEND = YES;
				ENABLE_TESTABILITY = YES;
				ENABLE_USER_SCRIPT_SANDBOXING = YES;
				GCC_C_LANGUAGE_STANDARD = gnu17;
				GCC_DYNAMIC_NO_PIC = NO;
				GCC_NO_COMMON_BLOCKS = YES;
				GCC_OPTIMIZATION_LEVEL = 0;
				GCC_PREPROCESSOR_DEFINITIONS = (
					"DEBUG=1",
					"$(inherited)",
				);
				GCC_WARN_64_TO_32_BIT_CONVERSION = YES;
				GCC_WARN_ABOUT_RETURN_TYPE = YES_ERROR;
				GCC_WARN_UNDECLARED_SELECTOR = YES;
				GCC_WARN_UNINITIALIZED_AUTOS = YES_AGGRESSIVE;
				GCC_WARN_UNUSED_FUNCTION = YES;
				GCC_WARN_UNUSED_VARIABLE = YES;
				IPHONEOS_DEPLOYMENT_TARGET = 26.4;
				LOCALIZATION_PREFERS_STRING_CATALOGS = YES;
				MTL_ENABLE_DEBUG_INFO = INCLUDE_SOURCE;
				MTL_FAST_MATH = YES;
				ONLY_ACTIVE_ARCH = YES;
				SDKROOT = iphoneos;
				SWIFT_ACTIVE_COMPILATION_CONDITIONS = "DEBUG $(inherited)";
				SWIFT_OPTIMIZATION_LEVEL = "-Onone";
			};
			name = Debug;
		};
		BA5B58F62FA62D3B00560BC1 /* Release */ = {
			isa = XCBuildConfiguration;
			buildSettings = {
				ALWAYS_SEARCH_USER_PATHS = NO;
				ASSETCATALOG_COMPILER_GENERATE_SWIFT_ASSET_SYMBOL_EXTENSIONS = YES;
				CLANG_ANALYZER_NONNULL = YES;
				CLANG_ANALYZER_NUMBER_OBJECT_CONVERSION = YES_AGGRESSIVE;
				CLANG_CXX_LANGUAGE_STANDARD = "gnu++20";
				CLANG_ENABLE_MODULES = YES;
				CLANG_ENABLE_OBJC_ARC = YES;
				CLANG_ENABLE_OBJC_WEAK = YES;
				CLANG_WARN_BLOCK_CAPTURE_AUTORELEASING = YES;
				CLANG_WARN_BOOL_CONVERSION = YES;
				CLANG_WARN_COMMA = YES;
				CLANG_WARN_CONSTANT_CONVERSION = YES;
				CLANG_WARN_DEPRECATED_OBJC_IMPLEMENTATIONS = YES;
				CLANG_WARN_DIRECT_OBJC_ISA_USAGE = YES_ERROR;
				CLANG_WARN_DOCUMENTATION_COMMENTS = YES;
				CLANG_WARN_EMPTY_BODY = YES;
				CLANG_WARN_ENUM_CONVERSION = YES;
				CLANG_WARN_INFINITE_RECURSION = YES;
				CLANG_WARN_INT_CONVERSION = YES;
				CLANG_WARN_NON_LITERAL_NULL_CONVERSION = YES;
				CLANG_WARN_OBJC_IMPLICIT_RETAIN_SELF = YES;
				CLANG_WARN_OBJC_LITERAL_CONVERSION = YES;
				CLANG_WARN_OBJC_ROOT_CLASS = YES_ERROR;
				CLANG_WARN_QUOTED_INCLUDE_IN_FRAMEWORK_HEADER = YES;
				CLANG_WARN_RANGE_LOOP_ANALYSIS = YES;
				CLANG_WARN_STRICT_PROTOTYPES = YES;
				CLANG_WARN_SUSPICIOUS_MOVE = YES;
				CLANG_WARN_UNGUARDED_AVAILABILITY = YES_AGGRESSIVE;
				CLANG_WARN_UNREACHABLE_CODE = YES;
				CLANG_WARN__DUPLICATE_METHOD_MATCH = YES;
				COPY_PHASE_STRIP = NO;
				DEBUG_INFORMATION_FORMAT = "dwarf-with-dsym";
				DEVELOPMENT_TEAM = LE6TQB8QE5;
				ENABLE_NS_ASSERTIONS = NO;
				ENABLE_STRICT_OBJC_MSGSEND = YES;
				ENABLE_USER_SCRIPT_SANDBOXING = YES;
				GCC_C_LANGUAGE_STANDARD = gnu17;
				GCC_NO_COMMON_BLOCKS = YES;
				GCC_WARN_64_TO_32_BIT_CONVERSION = YES;
				GCC_WARN_ABOUT_RETURN_TYPE = YES_ERROR;
				GCC_WARN_UNDECLARED_SELECTOR = YES;
				GCC_WARN_UNINITIALIZED_AUTOS = YES_AGGRESSIVE;
				GCC_WARN_UNUSED_FUNCTION = YES;
				GCC_WARN_UNUSED_VARIABLE = YES;
				IPHONEOS_DEPLOYMENT_TARGET = 26.4;
				LOCALIZATION_PREFERS_STRING_CATALOGS = YES;
				MTL_ENABLE_DEBUG_INFO = NO;
				MTL_FAST_MATH = YES;
				SDKROOT = iphoneos;
				SWIFT_COMPILATION_MODE = wholemodule;
				VALIDATE_PRODUCT = YES;
			};
			name = Release;
		};
		BA5B58F82FA62D3B00560BC1 /* Debug */ = {
			isa = XCBuildConfiguration;
			buildSettings = {
				ASSETCATALOG_COMPILER_APPICON_NAME = AppIcon;
				ASSETCATALOG_COMPILER_GLOBAL_ACCENT_COLOR_NAME = AccentColor;
				CLANG_ENABLE_MODULES = YES;
				CODE_SIGN_STYLE = Automatic;
				CURRENT_PROJECT_VERSION = 1;
				DEVELOPMENT_TEAM = LE6TQB8QE5;
				ENABLE_PREVIEWS = YES;
				GENERATE_INFOPLIST_FILE = YES;
				INFOPLIST_KEY_UIApplicationSceneManifest_Generation = YES;
				INFOPLIST_KEY_UIApplicationSupportsIndirectInputEvents = YES;
				INFOPLIST_KEY_NSCameraUsageDescription = "AfterLesson benötigt die Kamera, um Lerninhalte direkt aufzunehmen.";
				INFOPLIST_KEY_NSMicrophoneUsageDescription = "AfterLesson benötigt das Mikrofon für Sprachnotizen.";
				INFOPLIST_KEY_NSPhotoLibraryUsageDescription = "AfterLesson benötigt Zugriff auf deine Fotos für Lektionsbilder.";
				INFOPLIST_KEY_NSSpeechRecognitionUsageDescription = "AfterLesson nutzt Spracherkennung um Trainingsstunden zu transkribieren.";
				INFOPLIST_KEY_UILaunchScreen_Generation = YES;
				INFOPLIST_KEY_UISupportedInterfaceOrientations_iPad = "UIInterfaceOrientationPortrait UIInterfaceOrientationPortraitUpsideDown UIInterfaceOrientationLandscapeLeft UIInterfaceOrientationLandscapeRight";
				INFOPLIST_KEY_UISupportedInterfaceOrientations_iPhone = "UIInterfaceOrientationPortrait UIInterfaceOrientationLandscapeLeft UIInterfaceOrientationLandscapeRight";
				LD_RUNPATH_SEARCH_PATHS = (
					"$(inherited)",
					"@executable_path/Frameworks",
				);
				MARKETING_VERSION = 1.0;
				PRODUCT_BUNDLE_IDENTIFIER = com.hansruffin.AfterLesson;
				PRODUCT_NAME = "$(TARGET_NAME)";
				STRING_CATALOG_GENERATE_SYMBOLS = YES;
				SWIFT_APPROACHABLE_CONCURRENCY = YES;
				SWIFT_DEFAULT_ACTOR_ISOLATION = MainActor;
				SWIFT_EMIT_LOC_STRINGS = YES;
				SWIFT_OPTIMIZATION_LEVEL = "-Onone";
				SWIFT_UPCOMING_FEATURE_MEMBER_IMPORT_VISIBILITY = YES;
				SWIFT_VERSION = 5.0;
				TARGETED_DEVICE_FAMILY = "1,2";
			};
			name = Debug;
		};
		BA5B58F92FA62D3B00560BC1 /* Release */ = {
			isa = XCBuildConfiguration;
			buildSettings = {
				ASSETCATALOG_COMPILER_APPICON_NAME = AppIcon;
				ASSETCATALOG_COMPILER_GLOBAL_ACCENT_COLOR_NAME = AccentColor;
				CLANG_ENABLE_MODULES = YES;
				CODE_SIGN_STYLE = Automatic;
				CURRENT_PROJECT_VERSION = 1;
				DEVELOPMENT_TEAM = LE6TQB8QE5;
				ENABLE_PREVIEWS = YES;
				GENERATE_INFOPLIST_FILE = YES;
				INFOPLIST_KEY_UIApplicationSceneManifest_Generation = YES;
				INFOPLIST_KEY_UIApplicationSupportsIndirectInputEvents = YES;
				INFOPLIST_KEY_NSCameraUsageDescription = "AfterLesson benötigt die Kamera, um Lerninhalte direkt aufzunehmen.";
				INFOPLIST_KEY_NSMicrophoneUsageDescription = "AfterLesson benötigt das Mikrofon für Sprachnotizen.";
				INFOPLIST_KEY_NSPhotoLibraryUsageDescription = "AfterLesson benötigt Zugriff auf deine Fotos für Lektionsbilder.";
				INFOPLIST_KEY_NSSpeechRecognitionUsageDescription = "AfterLesson nutzt Spracherkennung um Trainingsstunden zu transkribieren.";
				INFOPLIST_KEY_UILaunchScreen_Generation = YES;
				INFOPLIST_KEY_UISupportedInterfaceOrientations_iPad = "UIInterfaceOrientationPortrait UIInterfaceOrientationPortraitUpsideDown UIInterfaceOrientationLandscapeLeft UIInterfaceOrientationLandscapeRight";
				INFOPLIST_KEY_UISupportedInterfaceOrientations_iPhone = "UIInterfaceOrientationPortrait UIInterfaceOrientationLandscapeLeft UIInterfaceOrientationLandscapeRight";
				LD_RUNPATH_SEARCH_PATHS = (
					"$(inherited)",
					"@executable_path/Frameworks",
				);
				MARKETING_VERSION = 1.0;
				PRODUCT_BUNDLE_IDENTIFIER = com.hansruffin.AfterLesson;
				PRODUCT_NAME = "$(TARGET_NAME)";
				STRING_CATALOG_GENERATE_SYMBOLS = YES;
				SWIFT_APPROACHABLE_CONCURRENCY = YES;
				SWIFT_DEFAULT_ACTOR_ISOLATION = MainActor;
				SWIFT_EMIT_LOC_STRINGS = YES;
				SWIFT_UPCOMING_FEATURE_MEMBER_IMPORT_VISIBILITY = YES;
				SWIFT_VERSION = 5.0;
				TARGETED_DEVICE_FAMILY = "1,2";
			};
			name = Release;
		};
		BA5B58FB2FA62D3B00560BC1 /* Debug */ = {
			isa = XCBuildConfiguration;
			buildSettings = {
				BUNDLE_LOADER = "$(TEST_HOST)";
				CODE_SIGN_STYLE = Automatic;
				CURRENT_PROJECT_VERSION = 1;
				DEVELOPMENT_TEAM = LE6TQB8QE5;
				GENERATE_INFOPLIST_FILE = YES;
				IPHONEOS_DEPLOYMENT_TARGET = 26.4;
				MARKETING_VERSION = 1.0;
				PRODUCT_BUNDLE_IDENTIFIER = com.hansruffin.AfterLessonTests;
				PRODUCT_NAME = "$(TARGET_NAME)";
				STRING_CATALOG_GENERATE_SYMBOLS = NO;
				SWIFT_APPROACHABLE_CONCURRENCY = YES;
				SWIFT_EMIT_LOC_STRINGS = NO;
				SWIFT_UPCOMING_FEATURE_MEMBER_IMPORT_VISIBILITY = YES;
				SWIFT_VERSION = 5.0;
				TARGETED_DEVICE_FAMILY = "1,2";
				TEST_HOST = "$(BUILT_PRODUCTS_DIR)/AfterLesson.app/$(BUNDLE_EXECUTABLE_FOLDER_PATH)/AfterLesson";
			};
			name = Debug;
		};
		BA5B58FC2FA62D3B00560BC1 /* Release */ = {
			isa = XCBuildConfiguration;
			buildSettings = {
				BUNDLE_LOADER = "$(TEST_HOST)";
				CODE_SIGN_STYLE = Automatic;
				CURRENT_PROJECT_VERSION = 1;
				DEVELOPMENT_TEAM = LE6TQB8QE5;
				GENERATE_INFOPLIST_FILE = YES;
				IPHONEOS_DEPLOYMENT_TARGET = 26.4;
				MARKETING_VERSION = 1.0;
				PRODUCT_BUNDLE_IDENTIFIER = com.hansruffin.AfterLessonTests;
				PRODUCT_NAME = "$(TARGET_NAME)";
				STRING_CATALOG_GENERATE_SYMBOLS = NO;
				SWIFT_APPROACHABLE_CONCURRENCY = YES;
				SWIFT_EMIT_LOC_STRINGS = NO;
				SWIFT_UPCOMING_FEATURE_MEMBER_IMPORT_VISIBILITY = YES;
				SWIFT_VERSION = 5.0;
				TARGETED_DEVICE_FAMILY = "1,2";
				TEST_HOST = "$(BUILT_PRODUCTS_DIR)/AfterLesson.app/$(BUNDLE_EXECUTABLE_FOLDER_PATH)/AfterLesson";
			};
			name = Release;
		};
		BA5B58FE2FA62D3B00560BC1 /* Debug */ = {
			isa = XCBuildConfiguration;
			buildSettings = {
				CODE_SIGN_STYLE = Automatic;
				CURRENT_PROJECT_VERSION = 1;
				DEVELOPMENT_TEAM = LE6TQB8QE5;
				GENERATE_INFOPLIST_FILE = YES;
				MARKETING_VERSION = 1.0;
				PRODUCT_BUNDLE_IDENTIFIER = com.hansruffin.AfterLessonUITests;
				PRODUCT_NAME = "$(TARGET_NAME)";
				STRING_CATALOG_GENERATE_SYMBOLS = NO;
				SWIFT_APPROACHABLE_CONCURRENCY = YES;
				SWIFT_EMIT_LOC_STRINGS = NO;
				SWIFT_UPCOMING_FEATURE_MEMBER_IMPORT_VISIBILITY = YES;
				SWIFT_VERSION = 5.0;
				TARGETED_DEVICE_FAMILY = "1,2";
				TEST_TARGET_NAME = AfterLesson;
			};
			name = Debug;
		};
		BA5B58FF2FA62D3B00560BC1 /* Release */ = {
			isa = XCBuildConfiguration;
			buildSettings = {
				CODE_SIGN_STYLE = Automatic;
				CURRENT_PROJECT_VERSION = 1;
				DEVELOPMENT_TEAM = LE6TQB8QE5;
				GENERATE_INFOPLIST_FILE = YES;
				MARKETING_VERSION = 1.0;
				PRODUCT_BUNDLE_IDENTIFIER = com.hansruffin.AfterLessonUITests;
				PRODUCT_NAME = "$(TARGET_NAME)";
				STRING_CATALOG_GENERATE_SYMBOLS = NO;
				SWIFT_APPROACHABLE_CONCURRENCY = YES;
				SWIFT_EMIT_LOC_STRINGS = NO;
				SWIFT_UPCOMING_FEATURE_MEMBER_IMPORT_VISIBILITY = YES;
				SWIFT_VERSION = 5.0;
				TARGETED_DEVICE_FAMILY = "1,2";
				TEST_TARGET_NAME = AfterLesson;
			};
			name = Release;
		};
/* End XCBuildConfiguration section */

/* Begin XCConfigurationList section */
		BA5B58D12FA62D3A00560BC1 /* Build configuration list for PBXProject "AfterLesson" */ = {
			isa = XCConfigurationList;
			buildConfigurations = (
				BA5B58F52FA62D3B00560BC1 /* Debug */,
				BA5B58F62FA62D3B00560BC1 /* Release */,
			);
			defaultConfigurationIsVisible = 0;
			defaultConfigurationName = Release;
		};
		BA5B58F72FA62D3B00560BC1 /* Build configuration list for PBXNativeTarget "AfterLesson" */ = {
			isa = XCConfigurationList;
			buildConfigurations = (
				BA5B58F82FA62D3B00560BC1 /* Debug */,
				BA5B58F92FA62D3B00560BC1 /* Release */,
			);
			defaultConfigurationIsVisible = 0;
			defaultConfigurationName = Release;
		};
		BA5B58FA2FA62D3B00560BC1 /* Build configuration list for PBXNativeTarget "AfterLessonTests" */ = {
			isa = XCConfigurationList;
			buildConfigurations = (
				BA5B58FB2FA62D3B00560BC1 /* Debug */,
				BA5B58FC2FA62D3B00560BC1 /* Release */,
			);
			defaultConfigurationIsVisible = 0;
			defaultConfigurationName = Release;
		};
		BA5B58FD2FA62D3B00560BC1 /* Build configuration list for PBXNativeTarget "AfterLessonUITests" */ = {
			isa = XCConfigurationList;
			buildConfigurations = (
				BA5B58FE2FA62D3B00560BC1 /* Debug */,
				BA5B58FF2FA62D3B00560BC1 /* Release */,
			);
			defaultConfigurationIsVisible = 0;
			defaultConfigurationName = Release;
		};
/* End XCConfigurationList section */
	};
	rootObject = BA5B58CE2FA62D3A00560BC1 /* Project object */;
}
